// !$*UTF8*$!
{
	archiveVersion = 1;
	classes = {
	};
	objectVersion = 46;
	objects = {

/* Begin PBXBuildFile section */
		BE6FEF4A1CC848CE003C1AF7 /* AppDelegate.swift in Sources */ = {isa = PBXBuildFile; fileRef = BE6FEF491CC848CE003C1AF7 /* AppDelegate.swift */; };
		BE6FEF4C1CC848CE003C1AF7 /* ViewController.swift in Sources */ = {isa = PBXBuildFile; fileRef = BE6FEF4B1CC848CE003C1AF7 /* ViewController.swift */; };
		BE6FEF4F1CC848CE003C1AF7 /* Main.storyboard in Resources */ = {isa = PBXBuildFile; fileRef = BE6FEF4D1CC848CE003C1AF7 /* Main.storyboard */; };
		BE6FEF511CC848CE003C1AF7 /* Assets.xcassets in Resources */ = {isa = PBXBuildFile; fileRef = BE6FEF501CC848CE003C1AF7 /* Assets.xcassets */; };
		BE6FEF541CC848CE003C1AF7 /* LaunchScreen.storyboard in Resources */ = {isa = PBXBuildFile; fileRef = BE6FEF521CC848CE003C1AF7 /* LaunchScreen.storyboard */; };
		BE6FEF601CC84912003C1AF7 /* DataService.swift in Sources */ = {isa = PBXBuildFile; fileRef = BE6FEF5F1CC84912003C1AF7 /* DataService.swift */; };
		BE6FEF621CC84937003C1AF7 /* FavoriteMovie.swift in Sources */ = {isa = PBXBuildFile; fileRef = BE6FEF611CC84937003C1AF7 /* FavoriteMovie.swift */; };
		BE6FEF641CC84F0D003C1AF7 /* FavoriteMovieCell.swift in Sources */ = {isa = PBXBuildFile; fileRef = BE6FEF631CC84F0D003C1AF7 /* FavoriteMovieCell.swift */; };
		BE6FEF661CC8510C003C1AF7 /* AddMovieVC.swift in Sources */ = {isa = PBXBuildFile; fileRef = BE6FEF651CC8510C003C1AF7 /* AddMovieVC.swift */; };
/* End PBXBuildFile section */

/* Begin PBXFileReference section */
		BE6FEF461CC848CE003C1AF7 /* Favorite Movies.app */ = {isa = PBXFileReference; explicitFileType = wrapper.application; includeInIndex = 0; path = "Favorite Movies.app"; sourceTree = BUILT_PRODUCTS_DIR; };
		BE6FEF491CC848CE003C1AF7 /* AppDelegate.swift */ = {isa = PBXFileReference; lastKnownFileType = sourcecode.swift; path = AppDelegate.swift; sourceTree = "<group>"; };
		BE6FEF4B1CC848CE003C1AF7 /* ViewController.swift */ = {isa = PBXFileReference; lastKnownFileType = sourcecode.swift; path = ViewController.swift; sourceTree = "<group>"; };
		BE6FEF4E1CC848CE003C1AF7 /* Base */ = {isa = PBXFileReference; lastKnownFileType = file.storyboard; name = Base; path = Base.lproj/Main.storyboard; sourceTree = "<group>"; };
		BE6FEF501CC848CE003C1AF7 /* Assets.xcassets */ = {isa = PBXFileReference; lastKnownFileType = folder.assetcatalog; path = Assets.xcassets; sourceTree = "<group>"; };
		BE6FEF531CC848CE003C1AF7 /* Base */ = {isa = PBXFileReference; lastKnownFileType = file.storyboard; name = Base; path = Base.lproj/LaunchScreen.storyboard; sourceTree = "<group>"; };
		BE6FEF551CC848CE003C1AF7 /* Info.plist */ = {isa = PBXFileReference; lastKnownFileType = text.plist.xml; path = Info.plist; sourceTree = "<group>"; };
		BE6FEF5F1CC84912003C1AF7 /* DataService.swift */ = {isa = PBXFileReference; fileEncoding = 4; lastKnownFileType = sourcecode.swift; path = DataService.swift; sourceTree = "<group>"; };
		BE6FEF611CC84937003C1AF7 /* FavoriteMovie.swift */ = {isa = PBXFileReference; fileEncoding = 4; lastKnownFileType = sourcecode.swift; path = FavoriteMovie.swift; sourceTree = "<group>"; };
		BE6FEF631CC84F0D003C1AF7 /* FavoriteMovieCell.swift */ = {isa = PBXFileReference; fileEncoding = 4; lastKnownFileType = sourcecode.swift; path = FavoriteMovieCell.swift; sourceTree = "<group>"; };
		BE6FEF651CC8510C003C1AF7 /* AddMovieVC.swift */ = {isa = PBXFileReference; fileEncoding = 4; lastKnownFileType = sourcecode.swift; path = AddMovieVC.swift; sourceTree = "<group>"; };
/* End PBXFileReference section */

/* Begin PBXFrameworksBuildPhase section */
		BE6FEF431CC848CE003C1AF7 /* Frameworks */ = {
			isa = PBXFrameworksBuildPhase;
			buildActionMask = 2147483647;
			files = (
			);
			runOnlyForDeploymentPostprocessing = 0;
		};
/* End PBXFrameworksBuildPhase section */

/* Begin PBXGroup section */
		BE6FEF3D1CC848CE003C1AF7 = {
			isa = PBXGroup;
			children = (
				BE6FEF481CC848CE003C1AF7 /* Favorite Movies */,
				BE6FEF471CC848CE003C1AF7 /* Products */,
			);
			sourceTree = "<group>";
		};
		BE6FEF471CC848CE003C1AF7 /* Products */ = {
			isa = PBXGroup;
			children = (
				BE6FEF461CC848CE003C1AF7 /* Favorite Movies.app */,
			);
			name = Products;
			sourceTree = "<group>";
		};
		BE6FEF481CC848CE003C1AF7 /* Favorite Movies */ = {
			isa = PBXGroup;
			children = (
				BE6FEF5E1CC84907003C1AF7 /* Services */,
				BE6FEF5B1CC848FB003C1AF7 /* Model */,
				BE6FEF5C1CC848FF003C1AF7 /* View */,
				BE6FEF5D1CC84902003C1AF7 /* Controller */,
				BE6FEF491CC848CE003C1AF7 /* AppDelegate.swift */,
				BE6FEF4D1CC848CE003C1AF7 /* Main.storyboard */,
				BE6FEF501CC848CE003C1AF7 /* Assets.xcassets */,
				BE6FEF521CC848CE003C1AF7 /* LaunchScreen.storyboard */,
				BE6FEF551CC848CE003C1AF7 /* Info.plist */,
			);
			path = "Favorite Movies";
			sourceTree = "<group>";
		};
		BE6FEF5B1CC848FB003C1AF7 /* Model */ = {
			isa = PBXGroup;
			children = (
				BE6FEF611CC84937003C1AF7 /* FavoriteMovie.swift */,
			);
			name = Model;
			sourceTree = "<group>";
		};
		BE6FEF5C1CC848FF003C1AF7 /* View */ = {
			isa = PBXGroup;
			children = (
				BE6FEF631CC84F0D003C1AF7 /* FavoriteMovieCell.swift */,
			);
			name = View;
			sourceTree = "<group>";
		};
		BE6FEF5D1CC84902003C1AF7 /* Controller */ = {
			isa = PBXGroup;
			children = (
				BE6FEF4B1CC848CE003C1AF7 /* ViewController.swift */,
				BE6FEF651CC8510C003C1AF7 /* AddMovieVC.swift */,
			);
			name = Controller;
			sourceTree = "<group>";
		};
		BE6FEF5E1CC84907003C1AF7 /* Services */ = {
			isa = PBXGroup;
			children = (
				BE6FEF5F1CC84912003C1AF7 /* DataService.swift */,
			);
			name = Services;
			sourceTree = "<group>";
		};
/* End PBXGroup section */

/* Begin PBXNativeTarget section */
		BE6FEF451CC848CE003C1AF7 /* Favorite Movies */ = {
			isa = PBXNativeTarget;
			buildConfigurationList = BE6FEF581CC848CE003C1AF7 /* Build configuration list for PBXNativeTarget "Favorite Movies" */;
			buildPhases = (
				BE6FEF421CC848CE003C1AF7 /* Sources */,
				BE6FEF431CC848CE003C1AF7 /* Frameworks */,
				BE6FEF441CC848CE003C1AF7 /* Resources */,
			);
			buildRules = (
			);
			dependencies = (
			);
			name = "Favorite Movies";
			productName = "Favorite Movies";
			productReference = BE6FEF461CC848CE003C1AF7 /* Favorite Movies.app */;
			productType = "com.apple.product-type.application";
		};
/* End PBXNativeTarget section */

/* Begin PBXProject section */
		BE6FEF3E1CC848CE003C1AF7 /* Project object */ = {
			isa = PBXProject;
			attributes = {
				LastSwiftUpdateCheck = 0730;
				LastUpgradeCheck = 0730;
				ORGANIZATIONNAME = "Henrique Dourado";
				TargetAttributes = {
					BE6FEF451CC848CE003C1AF7 = {
						CreatedOnToolsVersion = 7.3;
					};
				};
			};
			buildConfigurationList = BE6FEF411CC848CE003C1AF7 /* Build configuration list for PBXProject "Favorite Movies" */;
			compatibilityVersion = "Xcode 3.2";
			developmentRegion = English;
			hasScannedForEncodings = 0;
			knownRegions = (
				en,
				Base,
			);
			mainGroup = BE6FEF3D1CC848CE003C1AF7;
			productRefGroup = BE6FEF471CC848CE003C1AF7 /* Products */;
			projectDirPath = "";
			projectRoot = "";
			targets = (
				BE6FEF451CC848CE003C1AF7 /* Favorite Movies */,
			);
		};
/* End PBXProject section */

/* Begin PBXResourcesBuildPhase section */
		BE6FEF441CC848CE003C1AF7 /* Resources */ = {
			isa = PBXResourcesBuildPhase;
			buildActionMask = 2147483647;
			files = (
				BE6FEF541CC848CE003C1AF7 /* LaunchScreen.storyboard in Resources */,
				BE6FEF511CC848CE003C1AF7 /* Assets.xcassets in Resources */,
				BE6FEF4F1CC848CE003C1AF7 /* Main.storyboard in Resources */,
			);
			runOnlyForDeploymentPostprocessing = 0;
		};
/* End PBXResourcesBuildPhase section */

/* Begin PBXSourcesBuildPhase section */
		BE6FEF421CC848CE003C1AF7 /* Sources */ = {
			isa = PBXSourcesBuildPhase;
			buildActionMask = 2147483647;
			files = (
				BE6FEF601CC84912003C1AF7 /* DataService.swift in Sources */,
				BE6FEF4C1CC848CE003C1AF7 /* ViewController.swift in Sources */,
				BE6FEF621CC84937003C1AF7 /* FavoriteMovie.swift in Sources */,
				BE6FEF4A1CC848CE003C1AF7 /* AppDelegate.swift in Sources */,
				BE6FEF641CC84F0D003C1AF7 /* FavoriteMovieCell.swift in Sources */,
				BE6FEF661CC8510C003C1AF7 /* AddMovieVC.swift in Sources */,
			);
			runOnlyForDeploymentPostprocessing = 0;
		};
/* End PBXSourcesBuildPhase section */

/* Begin PBXVariantGroup section */
		BE6FEF4D1CC848CE003C1AF7 /* Main.storyboard */ = {
			isa = PBXVariantGroup;
			children = (
				BE6FEF4E1CC848CE003C1AF7 /* Base */,
			);
			name = Main.storyboard;
			sourceTree = "<group>";
		};
		BE6FEF521CC848CE003C1AF7 /* LaunchScreen.storyboard */ = {
			isa = PBXVariantGroup;
			children = (
				BE6FEF531CC848CE003C1AF7 /* Base */,
			);
			name = LaunchScreen.storyboard;
			sourceTree = "<group>";
		};
/* End PBXVariantGroup section */

/* Begin XCBuildConfiguration section */
		BE6FEF561CC848CE003C1AF7 /* Debug */ = {
			isa = XCBuildConfiguration;
			buildSettings = {
				ALWAYS_SEARCH_USER_PATHS = NO;
				CLANG_ANALYZER_NONNULL = YES;
				CLANG_CXX_LANGUAGE_STANDARD = "gnu++0x";
				CLANG_CXX_LIBRARY = "libc++";
				CLANG_ENABLE_MODULES = YES;
				CLANG_ENABLE_OBJC_ARC = YES;
				CLANG_WARN_BOOL_CONVERSION = YES;
				CLANG_WARN_CONSTANT_CONVERSION = YES;
				CLANG_WARN_DIRECT_OBJC_ISA_USAGE = YES_ERROR;
				CLANG_WARN_EMPTY_BODY = YES;
				CLANG_WARN_ENUM_CONVERSION = YES;
				CLANG_WARN_INT_CONVERSION = YES;
				CLANG_WARN_OBJC_ROOT_CLASS = YES_ERROR;
				CLANG_WARN_UNREACHABLE_CODE = YES;
				CLANG_WARN__DUPLICATE_METHOD_MATCH = YES;
				"CODE_SIGN_IDENTITY[sdk=iphoneos*]" = "iPhone Developer";
				COPY_PHASE_STRIP = NO;
				DEBUG_INFORMATION_FORMAT = dwarf;
				ENABLE_STRICT_OBJC_MSGSEND = YES;
				ENABLE_TESTABILITY = YES;
				GCC_C_LANGUAGE_STANDARD = gnu99;
				GCC_DYNAMIC_NO_PIC = NO;
				GCC_NO_COMMON_BLOCKS = YES;
				GCC_OPTIMIZATION_LEVEL = 0;
				GCC_PREPROCESSOR_DEFINITIONS = (
					"DEBUG=1",
					"$(inherited)",
				);
				GCC_WARN_64_TO_32_BIT_CONVERSION = YES;
				GCC_WARN_ABOUT_RETURN_TYPE = YES_ERROR;
				GCC_WARN_UNDECLARED_SELECTOR = YES;
				GCC_WARN_UNINITIALIZED_AUTOS = YES_AGGRESSIVE;
				GCC_WARN_UNUSED_FUNCTION = YES;
				GCC_WARN_UNUSED_VARIABLE = YES;
				IPHONEOS_DEPLOYMENT_TARGET = 9.3;
				MTL_ENABLE_DEBUG_INFO = YES;
				ONLY_ACTIVE_ARCH = YES;
				SDKROOT = iphoneos;
				SWIFT_OPTIMIZATION_LEVEL = "-Onone";
				TARGETED_DEVICE_FAMILY = "1,2";
			};
			name = Debug;
		};
		BE6FEF571CC848CE003C1AF7 /* Release */ = {
			isa = XCBuildConfiguration;
			buildSettings = {
				ALWAYS_SEARCH_USER_PATHS = NO;
				CLANG_ANALYZER_NONNULL = YES;
				CLANG_CXX_LANGUAGE_STANDARD = "gnu++0x";
				CLANG_CXX_LIBRARY = "libc++";
				CLANG_ENABLE_MODULES = YES;
				CLANG_ENABLE_OBJC_ARC = YES;
				CLANG_WARN_BOOL_CONVERSION = YES;
				CLANG_WARN_CONSTANT_CONVERSION = YES;
				CLANG_WARN_DIRECT_OBJC_ISA_USAGE = YES_ERROR;
				CLANG_WARN_EMPTY_BODY = YES;
				CLANG_WARN_ENUM_CONVERSION = YES;
				CLANG_WARN_INT_CONVERSION = YES;
				CLANG_WARN_OBJC_ROOT_CLASS = YES_ERROR;
				CLANG_WARN_UNREACHABLE_CODE = YES;
				CLANG_WARN__DUPLICATE_METHOD_MATCH = YES;
				"CODE_SIGN_IDENTITY[sdk=iphoneos*]" = "iPhone Developer";
				COPY_PHASE_STRIP = NO;
				DEBUG_INFORMATION_FORMAT = "dwarf-with-dsym";
				ENABLE_NS_ASSERTIONS = NO;
				ENABLE_STRICT_OBJC_MSGSEND = YES;
				GCC_C_LANGUAGE_STANDARD = gnu99;
				GCC_NO_COMMON_BLOCKS = YES;
				GCC_WARN_64_TO_32_BIT_CONVERSION = YES;
				GCC_WARN_ABOUT_RETURN_TYPE = YES_ERROR;
				GCC_WARN_UNDECLARED_SELECTOR = YES;
				GCC_WARN_UNINITIALIZED_AUTOS = YES_AGGRESSIVE;
				GCC_WARN_UNUSED_FUNCTION = YES;
				GCC_WARN_UNUSED_VARIABLE = YES;
				IPHONEOS_DEPLOYMENT_TARGET = 9.3;
				MTL_ENABLE_DEBUG_INFO = NO;
				SDKROOT = iphoneos;
				TARGETED_DEVICE_FAMILY = "1,2";
				VALIDATE_PRODUCT = YES;
			};
			name = Release;
		};
		BE6FEF591CC848CE003C1AF7 /* Debug */ = {
			isa = XCBuildConfiguration;
			buildSettings = {
				ASSETCATALOG_COMPILER_APPICON_NAME = AppIcon;
				INFOPLIST_FILE = "Favorite Movies/Info.plist";
				LD_RUNPATH_SEARCH_PATHS = "$(inherited) @executable_path/Frameworks";
				PRODUCT_BUNDLE_IDENTIFIER = "com.Henrique.favoriteMovies.Favorite-Movies";
				PRODUCT_NAME = "$(TARGET_NAME)";
			};
			name = Debug;
		};
		BE6FEF5A1CC848CE003C1AF7 /* Release */ = {
			isa = XCBuildConfiguration;
			buildSettings = {
				ASSETCATALOG_COMPILER_APPICON_NAME = AppIcon;
				INFOPLIST_FILE = "Favorite Movies/Info.plist";
				LD_RUNPATH_SEARCH_PATHS = "$(inherited) @executable_path/Frameworks";
				PRODUCT_BUNDLE_IDENTIFIER = "com.Henrique.favoriteMovies.Favorite-Movies";
				PRODUCT_NAME = "$(TARGET_NAME)";
			};
			name = Release;
		};
/* End XCBuildConfiguration section */

/* Begin XCConfigurationList section */
		BE6FEF411CC848CE003C1AF7 /* Build configuration list for PBXProject "Favorite Movies" */ = {
			isa = XCConfigurationList;
			buildConfigurations = (
				BE6FEF561CC848CE003C1AF7 /* Debug */,
				BE6FEF571CC848CE003C1AF7 /* Release */,
			);
			defaultConfigurationIsVisible = 0;
			defaultConfigurationName = Release;
		};
		BE6FEF581CC848CE003C1AF7 /* Build configuration list for PBXNativeTarget "Favorite Movies" */ = {
			isa = XCConfigurationList;
			buildConfigurations = (
				BE6FEF591CC848CE003C1AF7 /* Debug */,
				BE6FEF5A1CC848CE003C1AF7 /* Release */,
			);
			defaultConfigurationIsVisible = 0;
		};
/* End XCConfigurationList section */
	};
	rootObject = BE6FEF3E1CC848CE003C1AF7 /* Project object */;
}
